{
  "lockfileVersion": 2,
  "configVersion": 1,
  "workspaces": {
    "": {
      "name": "mahara-ceo-refresh",
      "dependencies": {
        "zod": "^3.25.76",
      },
      "devDependencies": {
        "@electric-sql/pglite": "0.3.14",
      },
    },
  },
  "packages": {
    "@electric-sql/pglite": ["@electric-sql/pglite@0.3.14", "", {}, "sha512-3DB258dhqdsArOI1fIt7cb9RpUOgcDg5hXWVgVHAeqVQ/qxtFy605QKs4gx6mFq3jWsSPqDN8TgSEsqC3OfV9Q=="],

    "zod": ["zod@3.25.76", "", {}, "sha512-gzUt/qt81nXsFGKIFcC3YnfEAx5NkunCfnDlvuBSSFS02bcXu4Lmea0AFIUwbLWxWPx3d9p8S5QoaujKcNQxcQ=="],
  }
}
